
Microsoft Visual Studio Solution File, Format Version 12.00
# Visual Studio Version 17
VisualStudioVersion = 17.2.32602.215
MinimumVisualStudioVersion = 10.0.40219.1
Project("{FAE04EC0-301F-11D3-BF4B-00C04F79EFBC}") = "Vector", "Vector\Vector.csproj", "{29C49DA2-6D37-4236-8059-11E8826468C6}"
EndProject
Project("{FAE04EC0-301F-11D3-BF4B-00C04F79EFBC}") = "ConsoleApp1", "..\ConsoleApp1\ConsoleApp1.csproj", "{8858FA31-7168-47D6-BD49-DA711BB23AB3}"
EndProject
Global
	GlobalSection(SolutionConfigurationPlatforms) = preSolution
		Debug|Any CPU = Debug|Any CPU
		Release|Any CPU = Release|Any CPU
	EndGlobalSection
	GlobalSection(ProjectConfigurationPlatforms) = postSolution
		{29C49DA2-6D37-4236-8059-11E8826468C6}.Debug|Any CPU.ActiveCfg = Debug|Any CPU
		{29C49DA2-6D37-4236-8059-11E8826468C6}.Debug|Any CPU.Build.0 = Debug|Any CPU
		{29C49DA2-6D37-4236-8059-11E8826468C6}.Release|Any CPU.ActiveCfg = Release|Any CPU
		{29C49DA2-6D37-4236-8059-11E8826468C6}.Release|Any CPU.Build.0 = Release|Any CPU
		{8858FA31-7168-47D6-BD49-DA711BB23AB3}.Debug|Any CPU.ActiveCfg = Debug|Any CPU
		{8858FA31-7168-47D6-BD49-DA711BB23AB3}.Debug|Any CPU.Build.0 = Debug|Any CPU
		{8858FA31-7168-47D6-BD49-DA711BB23AB3}.Release|Any CPU.ActiveCfg = Release|Any CPU
		{8858FA31-7168-47D6-BD49-DA711BB23AB3}.Release|Any CPU.Build.0 = Release|Any CPU
	EndGlobalSection
	GlobalSection(SolutionProperties) = preSolution
		HideSolutionNode = FALSE
	EndGlobalSection
	GlobalSection(ExtensibilityGlobals) = postSolution
		SolutionGuid = {8EE7FAC6-DC93-43B8-BCB5-1752A1001723}
	EndGlobalSection
EndGlobal
